
Microsoft Visual Studio Solution File, Format Version 12.00
# Visual Studio Version 17
VisualStudioVersion = 17.2.32526.322
MinimumVisualStudioVersion = 10.0.40219.1
Project("{9A19103F-16F7-4668-BE54-9A1E7A4F7556}") = "Wilgysef.Stalk.Core", "Wilgysef.Stalk.Core\Wilgysef.Stalk.Core.csproj", "{6E2DF072-5672-4A99-993B-560DA75C9BAA}"
EndProject
Project("{9A19103F-16F7-4668-BE54-9A1E7A4F7556}") = "Wilgysef.Stalk.WebApi", "Wilgysef.Stalk.WebApi\Wilgysef.Stalk.WebApi.csproj", "{2657FC50-9D0A-4534-A294-BD98E98B76FB}"
EndProject
Project("{2150E333-8FDC-42A3-9474-1A3956D46DE8}") = "Tests", "Tests", "{DAD49A10-1561-42A9-9858-5D41E6DFDAEA}"
EndProject
Project("{2150E333-8FDC-42A3-9474-1A3956D46DE8}") = "Plugins", "Plugins", "{2647EF06-050B-45D1-BD89-1BE03F335941}"
EndProject
Project("{9A19103F-16F7-4668-BE54-9A1E7A4F7556}") = "Wilgysef.Stalk.Core.Tests", "Tests\Wilgysef.Stalk.Core.Tests\Wilgysef.Stalk.Core.Tests.csproj", "{45FC0FCD-6F9F-47ED-A941-1B0F14DDE1B3}"
EndProject
Project("{FAE04EC0-301F-11D3-BF4B-00C04F79EFBC}") = "Wilgysef.Stalk.Plugins.Shared", "Plugins\Wilgysef.Stalk.Plugins.Shared\Wilgysef.Stalk.Plugins.Shared.csproj", "{501A9EF3-A773-4DB0-BC84-8DFBD9BABBD8}"
EndProject
Project("{FAE04EC0-301F-11D3-BF4B-00C04F79EFBC}") = "Wilgysef.Stalk.Shared", "Wilgysef.Stalk.Shared\Wilgysef.Stalk.Shared.csproj", "{653934BD-AFBE-4DCF-BD49-5C10A217AEE8}"
EndProject
Global
	GlobalSection(SolutionConfigurationPlatforms) = preSolution
		Debug|Any CPU = Debug|Any CPU
		Release|Any CPU = Release|Any CPU
	EndGlobalSection
	GlobalSection(ProjectConfigurationPlatforms) = postSolution
		{6E2DF072-5672-4A99-993B-560DA75C9BAA}.Debug|Any CPU.ActiveCfg = Debug|Any CPU
		{6E2DF072-5672-4A99-993B-560DA75C9BAA}.Debug|Any CPU.Build.0 = Debug|Any CPU
		{6E2DF072-5672-4A99-993B-560DA75C9BAA}.Release|Any CPU.ActiveCfg = Release|Any CPU
		{6E2DF072-5672-4A99-993B-560DA75C9BAA}.Release|Any CPU.Build.0 = Release|Any CPU
		{2657FC50-9D0A-4534-A294-BD98E98B76FB}.Debug|Any CPU.ActiveCfg = Debug|Any CPU
		{2657FC50-9D0A-4534-A294-BD98E98B76FB}.Debug|Any CPU.Build.0 = Debug|Any CPU
		{2657FC50-9D0A-4534-A294-BD98E98B76FB}.Release|Any CPU.ActiveCfg = Release|Any CPU
		{2657FC50-9D0A-4534-A294-BD98E98B76FB}.Release|Any CPU.Build.0 = Release|Any CPU
		{45FC0FCD-6F9F-47ED-A941-1B0F14DDE1B3}.Debug|Any CPU.ActiveCfg = Debug|Any CPU
		{45FC0FCD-6F9F-47ED-A941-1B0F14DDE1B3}.Debug|Any CPU.Build.0 = Debug|Any CPU
		{45FC0FCD-6F9F-47ED-A941-1B0F14DDE1B3}.Release|Any CPU.ActiveCfg = Release|Any CPU
		{45FC0FCD-6F9F-47ED-A941-1B0F14DDE1B3}.Release|Any CPU.Build.0 = Release|Any CPU
		{501A9EF3-A773-4DB0-BC84-8DFBD9BABBD8}.Debug|Any CPU.ActiveCfg = Debug|Any CPU
		{501A9EF3-A773-4DB0-BC84-8DFBD9BABBD8}.Debug|Any CPU.Build.0 = Debug|Any CPU
		{501A9EF3-A773-4DB0-BC84-8DFBD9BABBD8}.Release|Any CPU.ActiveCfg = Release|Any CPU
		{501A9EF3-A773-4DB0-BC84-8DFBD9BABBD8}.Release|Any CPU.Build.0 = Release|Any CPU
		{653934BD-AFBE-4DCF-BD49-5C10A217AEE8}.Debug|Any CPU.ActiveCfg = Debug|Any CPU
		{653934BD-AFBE-4DCF-BD49-5C10A217AEE8}.Debug|Any CPU.Build.0 = Debug|Any CPU
		{653934BD-AFBE-4DCF-BD49-5C10A217AEE8}.Release|Any CPU.ActiveCfg = Release|Any CPU
		{653934BD-AFBE-4DCF-BD49-5C10A217AEE8}.Release|Any CPU.Build.0 = Release|Any CPU
	EndGlobalSection
	GlobalSection(SolutionProperties) = preSolution
		HideSolutionNode = FALSE
	EndGlobalSection
	GlobalSection(NestedProjects) = preSolution
		{45FC0FCD-6F9F-47ED-A941-1B0F14DDE1B3} = {DAD49A10-1561-42A9-9858-5D41E6DFDAEA}
		{501A9EF3-A773-4DB0-BC84-8DFBD9BABBD8} = {2647EF06-050B-45D1-BD89-1BE03F335941}
	EndGlobalSection
	GlobalSection(ExtensibilityGlobals) = postSolution
		SolutionGuid = {975B6EDC-28CD-42DA-AE1B-C8FBD1666827}
	EndGlobalSection
EndGlobal
